
Microsoft Visual Studio Solution File, Format Version 12.00
# Visual Studio Version 17
VisualStudioVersion = 17.9.34723.18
MinimumVisualStudioVersion = 10.0.40219.1
Project("{FAE04EC0-301F-11D3-BF4B-00C04F79EFBC}") = "WinClassNotizApp", "WinClassNotizApp\WinClassNotizApp.csproj", "{C0EB8A6A-B249-471A-826F-025783D3CEAE}"
EndProject
Global
	GlobalSection(SolutionConfigurationPlatforms) = preSolution
		Debug|Any CPU = Debug|Any CPU
		Release|Any CPU = Release|Any CPU
	EndGlobalSection
	GlobalSection(ProjectConfigurationPlatforms) = postSolution
		{C0EB8A6A-B249-471A-826F-025783D3CEAE}.Debug|Any CPU.ActiveCfg = Debug|Any CPU
		{C0EB8A6A-B249-471A-826F-025783D3CEAE}.Debug|Any CPU.Build.0 = Debug|Any CPU
		{C0EB8A6A-B249-471A-826F-025783D3CEAE}.Release|Any CPU.ActiveCfg = Release|Any CPU
		{C0EB8A6A-B249-471A-826F-025783D3CEAE}.Release|Any CPU.Build.0 = Release|Any CPU
	EndGlobalSection
	GlobalSection(SolutionProperties) = preSolution
		HideSolutionNode = FALSE
	EndGlobalSection
	GlobalSection(ExtensibilityGlobals) = postSolution
		SolutionGuid = {C2FC1820-5FC5-4BC9-9607-60180F7F5674}
	EndGlobalSection
EndGlobal
